
Microsoft Visual Studio Solution File, Format Version 12.00
# Visual Studio 15
VisualStudioVersion = 15.0.28307.572
MinimumVisualStudioVersion = 10.0.40219.1
Project("{FAE04EC0-301F-11D3-BF4B-00C04F79EFBC}") = "ConsoleApp22", "ConsoleApp22\ConsoleApp22.csproj", "{315D174F-59B5-4D88-9795-C2234222BA55}"
EndProject
Project("{FAE04EC0-301F-11D3-BF4B-00C04F79EFBC}") = "CalcTest", "CalcTest\CalcTest.csproj", "{98A2D02D-866B-4B7B-82F5-9FEF2434DCB7}"
EndProject
Global
	GlobalSection(SolutionConfigurationPlatforms) = preSolution
		Debug|Any CPU = Debug|Any CPU
		Release|Any CPU = Release|Any CPU
	EndGlobalSection
	GlobalSection(ProjectConfigurationPlatforms) = postSolution
		{315D174F-59B5-4D88-9795-C2234222BA55}.Debug|Any CPU.ActiveCfg = Debug|Any CPU
		{315D174F-59B5-4D88-9795-C2234222BA55}.Debug|Any CPU.Build.0 = Debug|Any CPU
		{315D174F-59B5-4D88-9795-C2234222BA55}.Release|Any CPU.ActiveCfg = Release|Any CPU
		{315D174F-59B5-4D88-9795-C2234222BA55}.Release|Any CPU.Build.0 = Release|Any CPU
		{98A2D02D-866B-4B7B-82F5-9FEF2434DCB7}.Debug|Any CPU.ActiveCfg = Debug|Any CPU
		{98A2D02D-866B-4B7B-82F5-9FEF2434DCB7}.Debug|Any CPU.Build.0 = Debug|Any CPU
		{98A2D02D-866B-4B7B-82F5-9FEF2434DCB7}.Release|Any CPU.ActiveCfg = Release|Any CPU
		{98A2D02D-866B-4B7B-82F5-9FEF2434DCB7}.Release|Any CPU.Build.0 = Release|Any CPU
	EndGlobalSection
	GlobalSection(SolutionProperties) = preSolution
		HideSolutionNode = FALSE
	EndGlobalSection
	GlobalSection(ExtensibilityGlobals) = postSolution
		SolutionGuid = {AA4C7993-F2D8-4E15-BB46-6A1FB50152FF}
	EndGlobalSection
EndGlobal
